
Microsoft Visual Studio Solution File, Format Version 12.00
# Visual Studio Version 16
VisualStudioVersion = 16.0.31911.196
MinimumVisualStudioVersion = 10.0.40219.1
Project("{FAE04EC0-301F-11D3-BF4B-00C04F79EFBC}") = "CalculatorApp", "CalculatorApp\CalculatorApp.csproj", "{A6109F42-DEF2-4333-84FD-CB049B4D46D2}"
EndProject
Global
	GlobalSection(SolutionConfigurationPlatforms) = preSolution
		Debug|Any CPU = Debug|Any CPU
		Release|Any CPU = Release|Any CPU
	EndGlobalSection
	GlobalSection(ProjectConfigurationPlatforms) = postSolution
		{A6109F42-DEF2-4333-84FD-CB049B4D46D2}.Debug|Any CPU.ActiveCfg = Debug|Any CPU
		{A6109F42-DEF2-4333-84FD-CB049B4D46D2}.Debug|Any CPU.Build.0 = Debug|Any CPU
		{A6109F42-DEF2-4333-84FD-CB049B4D46D2}.Release|Any CPU.ActiveCfg = Release|Any CPU
		{A6109F42-DEF2-4333-84FD-CB049B4D46D2}.Release|Any CPU.Build.0 = Release|Any CPU
	EndGlobalSection
	GlobalSection(SolutionProperties) = preSolution
		HideSolutionNode = FALSE
	EndGlobalSection
	GlobalSection(ExtensibilityGlobals) = postSolution
		SolutionGuid = {B7073F73-B1DF-49E1-BBD2-F97BC6656D9D}
	EndGlobalSection
EndGlobal
